// !$*UTF8*$!
{
	archiveVersion = 1;
	classes = {
	};
	objectVersion = 50;
	objects = {

/* Begin PBXBuildFile section */
		CA62913625110A3600C19C51 /* StepperViewController.swift in Sources */ = {isa = PBXBuildFile; fileRef = CA62913525110A3600C19C51 /* StepperViewController.swift */; };
		CA62913C25110F5300C19C51 /* SegmentControlViewController.swift in Sources */ = {isa = PBXBuildFile; fileRef = CA62913B25110F5300C19C51 /* SegmentControlViewController.swift */; };
		CAB4C26C25112CB70062F020 /* TextFieldViewController.swift in Sources */ = {isa = PBXBuildFile; fileRef = CAB4C26B25112CB70062F020 /* TextFieldViewController.swift */; };
		CACAE035250E09080056F63F /* AppDelegate.swift in Sources */ = {isa = PBXBuildFile; fileRef = CACAE034250E09080056F63F /* AppDelegate.swift */; };
		CACAE037250E09080056F63F /* SceneDelegate.swift in Sources */ = {isa = PBXBuildFile; fileRef = CACAE036250E09080056F63F /* SceneDelegate.swift */; };
		CACAE039250E09080056F63F /* ViewController.swift in Sources */ = {isa = PBXBuildFile; fileRef = CACAE038250E09080056F63F /* ViewController.swift */; };
		CACAE03C250E09080056F63F /* Main.storyboard in Resources */ = {isa = PBXBuildFile; fileRef = CACAE03A250E09080056F63F /* Main.storyboard */; };
		CACAE03E250E090A0056F63F /* Assets.xcassets in Resources */ = {isa = PBXBuildFile; fileRef = CACAE03D250E090A0056F63F /* Assets.xcassets */; };
		CACAE041250E090A0056F63F /* LaunchScreen.storyboard in Resources */ = {isa = PBXBuildFile; fileRef = CACAE03F250E090A0056F63F /* LaunchScreen.storyboard */; };
		CACAE049250E2C1A0056F63F /* CameraViewController.swift in Sources */ = {isa = PBXBuildFile; fileRef = CACAE048250E2C1A0056F63F /* CameraViewController.swift */; };
/* End PBXBuildFile section */

/* Begin PBXFileReference section */
		CA62913525110A3600C19C51 /* StepperViewController.swift */ = {isa = PBXFileReference; lastKnownFileType = sourcecode.swift; path = StepperViewController.swift; sourceTree = "<group>"; };
		CA62913B25110F5300C19C51 /* SegmentControlViewController.swift */ = {isa = PBXFileReference; lastKnownFileType = sourcecode.swift; path = SegmentControlViewController.swift; sourceTree = "<group>"; };
		CAB4C26B25112CB70062F020 /* TextFieldViewController.swift */ = {isa = PBXFileReference; lastKnownFileType = sourcecode.swift; path = TextFieldViewController.swift; sourceTree = "<group>"; };
		CACAE031250E09080056F63F /* Utility.app */ = {isa = PBXFileReference; explicitFileType = wrapper.application; includeInIndex = 0; path = Utility.app; sourceTree = BUILT_PRODUCTS_DIR; };
		CACAE034250E09080056F63F /* AppDelegate.swift */ = {isa = PBXFileReference; lastKnownFileType = sourcecode.swift; path = AppDelegate.swift; sourceTree = "<group>"; };
		CACAE036250E09080056F63F /* SceneDelegate.swift */ = {isa = PBXFileReference; lastKnownFileType = sourcecode.swift; path = SceneDelegate.swift; sourceTree = "<group>"; };
		CACAE038250E09080056F63F /* ViewController.swift */ = {isa = PBXFileReference; lastKnownFileType = sourcecode.swift; path = ViewController.swift; sourceTree = "<group>"; };
		CACAE03B250E09080056F63F /* Base */ = {isa = PBXFileReference; lastKnownFileType = file.storyboard; name = Base; path = Base.lproj/Main.storyboard; sourceTree = "<group>"; };
		CACAE03D250E090A0056F63F /* Assets.xcassets */ = {isa = PBXFileReference; lastKnownFileType = folder.assetcatalog; path = Assets.xcassets; sourceTree = "<group>"; };
		CACAE040250E090A0056F63F /* Base */ = {isa = PBXFileReference; lastKnownFileType = file.storyboard; name = Base; path = Base.lproj/LaunchScreen.storyboard; sourceTree = "<group>"; };
		CACAE042250E090A0056F63F /* Info.plist */ = {isa = PBXFileReference; lastKnownFileType = text.plist.xml; path = Info.plist; sourceTree = "<group>"; };
		CACAE048250E2C1A0056F63F /* CameraViewController.swift */ = {isa = PBXFileReference; lastKnownFileType = sourcecode.swift; path = CameraViewController.swift; sourceTree = "<group>"; };
/* End PBXFileReference section */

/* Begin PBXFrameworksBuildPhase section */
		CACAE02E250E09080056F63F /* Frameworks */ = {
			isa = PBXFrameworksBuildPhase;
			buildActionMask = 2147483647;
			files = (
			);
			runOnlyForDeploymentPostprocessing = 0;
		};
/* End PBXFrameworksBuildPhase section */

/* Begin PBXGroup section */
		CA62913925110C7100C19C51 /* control */ = {
			isa = PBXGroup;
			children = (
				CACAE038250E09080056F63F /* ViewController.swift */,
				CAB4C26B25112CB70062F020 /* TextFieldViewController.swift */,
				CACAE048250E2C1A0056F63F /* CameraViewController.swift */,
				CA62913B25110F5300C19C51 /* SegmentControlViewController.swift */,
				CA62913525110A3600C19C51 /* StepperViewController.swift */,
			);
			path = control;
			sourceTree = "<group>";
		};
		CA62913A25110C8600C19C51 /* view */ = {
			isa = PBXGroup;
			children = (
				CACAE03A250E09080056F63F /* Main.storyboard */,
				CACAE03F250E090A0056F63F /* LaunchScreen.storyboard */,
			);
			path = view;
			sourceTree = "<group>";
		};
		CACAE028250E09080056F63F = {
			isa = PBXGroup;
			children = (
				CACAE033250E09080056F63F /* Utility */,
				CACAE032250E09080056F63F /* Products */,
			);
			sourceTree = "<group>";
		};
		CACAE032250E09080056F63F /* Products */ = {
			isa = PBXGroup;
			children = (
				CACAE031250E09080056F63F /* Utility.app */,
			);
			name = Products;
			sourceTree = "<group>";
		};
		CACAE033250E09080056F63F /* Utility */ = {
			isa = PBXGroup;
			children = (
				CA62913A25110C8600C19C51 /* view */,
				CA62913925110C7100C19C51 /* control */,
				CACAE034250E09080056F63F /* AppDelegate.swift */,
				CACAE036250E09080056F63F /* SceneDelegate.swift */,
				CACAE03D250E090A0056F63F /* Assets.xcassets */,
				CACAE042250E090A0056F63F /* Info.plist */,
			);
			path = Utility;
			sourceTree = "<group>";
		};
/* End PBXGroup section */

/* Begin PBXNativeTarget section */
		CACAE030250E09080056F63F /* Utility */ = {
			isa = PBXNativeTarget;
			buildConfigurationList = CACAE045250E090A0056F63F /* Build configuration list for PBXNativeTarget "Utility" */;
			buildPhases = (
				CACAE02D250E09080056F63F /* Sources */,
				CACAE02E250E09080056F63F /* Frameworks */,
				CACAE02F250E09080056F63F /* Resources */,
			);
			buildRules = (
			);
			dependencies = (
			);
			name = Utility;
			productName = Utility;
			productReference = CACAE031250E09080056F63F /* Utility.app */;
			productType = "com.apple.product-type.application";
		};
/* End PBXNativeTarget section */

/* Begin PBXProject section */
		CACAE029250E09080056F63F /* Project object */ = {
			isa = PBXProject;
			attributes = {
				LastSwiftUpdateCheck = 1160;
				LastUpgradeCheck = 1160;
				ORGANIZATIONNAME = "Dongha Kang";
				TargetAttributes = {
					CACAE030250E09080056F63F = {
						CreatedOnToolsVersion = 11.6;
					};
				};
			};
			buildConfigurationList = CACAE02C250E09080056F63F /* Build configuration list for PBXProject "Utility" */;
			compatibilityVersion = "Xcode 9.3";
			developmentRegion = en;
			hasScannedForEncodings = 0;
			knownRegions = (
				en,
				Base,
			);
			mainGroup = CACAE028250E09080056F63F;
			productRefGroup = CACAE032250E09080056F63F /* Products */;
			projectDirPath = "";
			projectRoot = "";
			targets = (
				CACAE030250E09080056F63F /* Utility */,
			);
		};
/* End PBXProject section */

/* Begin PBXResourcesBuildPhase section */
		CACAE02F250E09080056F63F /* Resources */ = {
			isa = PBXResourcesBuildPhase;
			buildActionMask = 2147483647;
			files = (
				CACAE041250E090A0056F63F /* LaunchScreen.storyboard in Resources */,
				CACAE03E250E090A0056F63F /* Assets.xcassets in Resources */,
				CACAE03C250E09080056F63F /* Main.storyboard in Resources */,
			);
			runOnlyForDeploymentPostprocessing = 0;
		};
/* End PBXResourcesBuildPhase section */

/* Begin PBXSourcesBuildPhase section */
		CACAE02D250E09080056F63F /* Sources */ = {
			isa = PBXSourcesBuildPhase;
			buildActionMask = 2147483647;
			files = (
				CA62913625110A3600C19C51 /* StepperViewController.swift in Sources */,
				CACAE039250E09080056F63F /* ViewController.swift in Sources */,
				CAB4C26C25112CB70062F020 /* TextFieldViewController.swift in Sources */,
				CA62913C25110F5300C19C51 /* SegmentControlViewController.swift in Sources */,
				CACAE049250E2C1A0056F63F /* CameraViewController.swift in Sources */,
				CACAE035250E09080056F63F /* AppDelegate.swift in Sources */,
				CACAE037250E09080056F63F /* SceneDelegate.swift in Sources */,
			);
			runOnlyForDeploymentPostprocessing = 0;
		};
/* End PBXSourcesBuildPhase section */

/* Begin PBXVariantGroup section */
		CACAE03A250E09080056F63F /* Main.storyboard */ = {
			isa = PBXVariantGroup;
			children = (
				CACAE03B250E09080056F63F /* Base */,
			);
			name = Main.storyboard;
			sourceTree = "<group>";
		};
		CACAE03F250E090A0056F63F /* LaunchScreen.storyboard */ = {
			isa = PBXVariantGroup;
			children = (
				CACAE040250E090A0056F63F /* Base */,
			);
			name = LaunchScreen.storyboard;
			sourceTree = "<group>";
		};
/* End PBXVariantGroup section */

/* Begin XCBuildConfiguration section */
		CACAE043250E090A0056F63F /* Debug */ = {
			isa = XCBuildConfiguration;
			buildSettings = {
				ALWAYS_SEARCH_USER_PATHS = NO;
				CLANG_ANALYZER_NONNULL = YES;
				CLANG_ANALYZER_NUMBER_OBJECT_CONVERSION = YES_AGGRESSIVE;
				CLANG_CXX_LANGUAGE_STANDARD = "gnu++14";
				CLANG_CXX_LIBRARY = "libc++";
				CLANG_ENABLE_MODULES = YES;
				CLANG_ENABLE_OBJC_ARC = YES;
				CLANG_ENABLE_OBJC_WEAK = YES;
				CLANG_WARN_BLOCK_CAPTURE_AUTORELEASING = YES;
				CLANG_WARN_BOOL_CONVERSION = YES;
				CLANG_WARN_COMMA = YES;
				CLANG_WARN_CONSTANT_CONVERSION = YES;
				CLANG_WARN_DEPRECATED_OBJC_IMPLEMENTATIONS = YES;
				CLANG_WARN_DIRECT_OBJC_ISA_USAGE = YES_ERROR;
				CLANG_WARN_DOCUMENTATION_COMMENTS = YES;
				CLANG_WARN_EMPTY_BODY = YES;
				CLANG_WARN_ENUM_CONVERSION = YES;
				CLANG_WARN_INFINITE_RECURSION = YES;
				CLANG_WARN_INT_CONVERSION = YES;
				CLANG_WARN_NON_LITERAL_NULL_CONVERSION = YES;
				CLANG_WARN_OBJC_IMPLICIT_RETAIN_SELF = YES;
				CLANG_WARN_OBJC_LITERAL_CONVERSION = YES;
				CLANG_WARN_OBJC_ROOT_CLASS = YES_ERROR;
				CLANG_WARN_RANGE_LOOP_ANALYSIS = YES;
				CLANG_WARN_STRICT_PROTOTYPES = YES;
				CLANG_WARN_SUSPICIOUS_MOVE = YES;
				CLANG_WARN_UNGUARDED_AVAILABILITY = YES_AGGRESSIVE;
				CLANG_WARN_UNREACHABLE_CODE = YES;
				CLANG_WARN__DUPLICATE_METHOD_MATCH = YES;
				COPY_PHASE_STRIP = NO;
				DEBUG_INFORMATION_FORMAT = dwarf;
				ENABLE_STRICT_OBJC_MSGSEND = YES;
				ENABLE_TESTABILITY = YES;
				GCC_C_LANGUAGE_STANDARD = gnu11;
				GCC_DYNAMIC_NO_PIC = NO;
				GCC_NO_COMMON_BLOCKS = YES;
				GCC_OPTIMIZATION_LEVEL = 0;
				GCC_PREPROCESSOR_DEFINITIONS = (
					"DEBUG=1",
					"$(inherited)",
				);
				GCC_WARN_64_TO_32_BIT_CONVERSION = YES;
				GCC_WARN_ABOUT_RETURN_TYPE = YES_ERROR;
				GCC_WARN_UNDECLARED_SELECTOR = YES;
				GCC_WARN_UNINITIALIZED_AUTOS = YES_AGGRESSIVE;
				GCC_WARN_UNUSED_FUNCTION = YES;
				GCC_WARN_UNUSED_VARIABLE = YES;
				IPHONEOS_DEPLOYMENT_TARGET = 13.6;
				MTL_ENABLE_DEBUG_INFO = INCLUDE_SOURCE;
				MTL_FAST_MATH = YES;
				ONLY_ACTIVE_ARCH = YES;
				SDKROOT = iphoneos;
				SWIFT_ACTIVE_COMPILATION_CONDITIONS = DEBUG;
				SWIFT_OPTIMIZATION_LEVEL = "-Onone";
			};
			name = Debug;
		};
		CACAE044250E090A0056F63F /* Release */ = {
			isa = XCBuildConfiguration;
			buildSettings = {
				ALWAYS_SEARCH_USER_PATHS = NO;
				CLANG_ANALYZER_NONNULL = YES;
				CLANG_ANALYZER_NUMBER_OBJECT_CONVERSION = YES_AGGRESSIVE;
				CLANG_CXX_LANGUAGE_STANDARD = "gnu++14";
				CLANG_CXX_LIBRARY = "libc++";
				CLANG_ENABLE_MODULES = YES;
				CLANG_ENABLE_OBJC_ARC = YES;
				CLANG_ENABLE_OBJC_WEAK = YES;
				CLANG_WARN_BLOCK_CAPTURE_AUTORELEASING = YES;
				CLANG_WARN_BOOL_CONVERSION = YES;
				CLANG_WARN_COMMA = YES;
				CLANG_WARN_CONSTANT_CONVERSION = YES;
				CLANG_WARN_DEPRECATED_OBJC_IMPLEMENTATIONS = YES;
				CLANG_WARN_DIRECT_OBJC_ISA_USAGE = YES_ERROR;
				CLANG_WARN_DOCUMENTATION_COMMENTS = YES;
				CLANG_WARN_EMPTY_BODY = YES;
				CLANG_WARN_ENUM_CONVERSION = YES;
				CLANG_WARN_INFINITE_RECURSION = YES;
				CLANG_WARN_INT_CONVERSION = YES;
				CLANG_WARN_NON_LITERAL_NULL_CONVERSION = YES;
				CLANG_WARN_OBJC_IMPLICIT_RETAIN_SELF = YES;
				CLANG_WARN_OBJC_LITERAL_CONVERSION = YES;
				CLANG_WARN_OBJC_ROOT_CLASS = YES_ERROR;
				CLANG_WARN_RANGE_LOOP_ANALYSIS = YES;
				CLANG_WARN_STRICT_PROTOTYPES = YES;
				CLANG_WARN_SUSPICIOUS_MOVE = YES;
				CLANG_WARN_UNGUARDED_AVAILABILITY = YES_AGGRESSIVE;
				CLANG_WARN_UNREACHABLE_CODE = YES;
				CLANG_WARN__DUPLICATE_METHOD_MATCH = YES;
				COPY_PHASE_STRIP = NO;
				DEBUG_INFORMATION_FORMAT = "dwarf-with-dsym";
				ENABLE_NS_ASSERTIONS = NO;
				ENABLE_STRICT_OBJC_MSGSEND = YES;
				GCC_C_LANGUAGE_STANDARD = gnu11;
				GCC_NO_COMMON_BLOCKS = YES;
				GCC_WARN_64_TO_32_BIT_CONVERSION = YES;
				GCC_WARN_ABOUT_RETURN_TYPE = YES_ERROR;
				GCC_WARN_UNDECLARED_SELECTOR = YES;
				GCC_WARN_UNINITIALIZED_AUTOS = YES_AGGRESSIVE;
				GCC_WARN_UNUSED_FUNCTION = YES;
				GCC_WARN_UNUSED_VARIABLE = YES;
				IPHONEOS_DEPLOYMENT_TARGET = 13.6;
				MTL_ENABLE_DEBUG_INFO = NO;
				MTL_FAST_MATH = YES;
				SDKROOT = iphoneos;
				SWIFT_COMPILATION_MODE = wholemodule;
				SWIFT_OPTIMIZATION_LEVEL = "-O";
				VALIDATE_PRODUCT = YES;
			};
			name = Release;
		};
		CACAE046250E090A0056F63F /* Debug */ = {
			isa = XCBuildConfiguration;
			buildSettings = {
				ASSETCATALOG_COMPILER_APPICON_NAME = AppIcon;
				CODE_SIGN_STYLE = Automatic;
				INFOPLIST_FILE = Utility/Info.plist;
				LD_RUNPATH_SEARCH_PATHS = (
					"$(inherited)",
					"@executable_path/Frameworks",
				);
				PRODUCT_BUNDLE_IDENTIFIER = com.donghakang.Utility;
				PRODUCT_NAME = "$(TARGET_NAME)";
				SWIFT_VERSION = 5.0;
				TARGETED_DEVICE_FAMILY = "1,2";
			};
			name = Debug;
		};
		CACAE047250E090A0056F63F /* Release */ = {
			isa = XCBuildConfiguration;
			buildSettings = {
				ASSETCATALOG_COMPILER_APPICON_NAME = AppIcon;
				CODE_SIGN_STYLE = Automatic;
				INFOPLIST_FILE = Utility/Info.plist;
				LD_RUNPATH_SEARCH_PATHS = (
					"$(inherited)",
					"@executable_path/Frameworks",
				);
				PRODUCT_BUNDLE_IDENTIFIER = com.donghakang.Utility;
				PRODUCT_NAME = "$(TARGET_NAME)";
				SWIFT_VERSION = 5.0;
				TARGETED_DEVICE_FAMILY = "1,2";
			};
			name = Release;
		};
/* End XCBuildConfiguration section */

/* Begin XCConfigurationList section */
		CACAE02C250E09080056F63F /* Build configuration list for PBXProject "Utility" */ = {
			isa = XCConfigurationList;
			buildConfigurations = (
				CACAE043250E090A0056F63F /* Debug */,
				CACAE044250E090A0056F63F /* Release */,
			);
			defaultConfigurationIsVisible = 0;
			defaultConfigurationName = Release;
		};
		CACAE045250E090A0056F63F /* Build configuration list for PBXNativeTarget "Utility" */ = {
			isa = XCConfigurationList;
			buildConfigurations = (
				CACAE046250E090A0056F63F /* Debug */,
				CACAE047250E090A0056F63F /* Release */,
			);
			defaultConfigurationIsVisible = 0;
			defaultConfigurationName = Release;
		};
/* End XCConfigurationList section */
	};
	rootObject = CACAE029250E09080056F63F /* Project object */;
}
