// !$*UTF8*$!
{
	archiveVersion = 1;
	classes = {
	};
	objectVersion = 50;
	objects = {

/* Begin PBXBuildFile section */
		CAE5920524FFEC4800FEC2A2 /* AppDelegate.swift in Sources */ = {isa = PBXBuildFile; fileRef = CAE5920424FFEC4800FEC2A2 /* AppDelegate.swift */; };
		CAE5920724FFEC4800FEC2A2 /* SceneDelegate.swift in Sources */ = {isa = PBXBuildFile; fileRef = CAE5920624FFEC4800FEC2A2 /* SceneDelegate.swift */; };
		CAE5920924FFEC4800FEC2A2 /* MasterViewController.swift in Sources */ = {isa = PBXBuildFile; fileRef = CAE5920824FFEC4800FEC2A2 /* MasterViewController.swift */; };
		CAE5920B24FFEC4800FEC2A2 /* DetailViewController.swift in Sources */ = {isa = PBXBuildFile; fileRef = CAE5920A24FFEC4800FEC2A2 /* DetailViewController.swift */; };
		CAE5920E24FFEC4800FEC2A2 /* Main.storyboard in Resources */ = {isa = PBXBuildFile; fileRef = CAE5920C24FFEC4800FEC2A2 /* Main.storyboard */; };
		CAE5921024FFEC4A00FEC2A2 /* Assets.xcassets in Resources */ = {isa = PBXBuildFile; fileRef = CAE5920F24FFEC4A00FEC2A2 /* Assets.xcassets */; };
		CAE5921324FFEC4A00FEC2A2 /* LaunchScreen.storyboard in Resources */ = {isa = PBXBuildFile; fileRef = CAE5921124FFEC4A00FEC2A2 /* LaunchScreen.storyboard */; };
/* End PBXBuildFile section */

/* Begin PBXFileReference section */
		CAE5920124FFEC4800FEC2A2 /* PhotoCatalog.app */ = {isa = PBXFileReference; explicitFileType = wrapper.application; includeInIndex = 0; path = PhotoCatalog.app; sourceTree = BUILT_PRODUCTS_DIR; };
		CAE5920424FFEC4800FEC2A2 /* AppDelegate.swift */ = {isa = PBXFileReference; lastKnownFileType = sourcecode.swift; path = AppDelegate.swift; sourceTree = "<group>"; };
		CAE5920624FFEC4800FEC2A2 /* SceneDelegate.swift */ = {isa = PBXFileReference; lastKnownFileType = sourcecode.swift; path = SceneDelegate.swift; sourceTree = "<group>"; };
		CAE5920824FFEC4800FEC2A2 /* MasterViewController.swift */ = {isa = PBXFileReference; lastKnownFileType = sourcecode.swift; path = MasterViewController.swift; sourceTree = "<group>"; };
		CAE5920A24FFEC4800FEC2A2 /* DetailViewController.swift */ = {isa = PBXFileReference; lastKnownFileType = sourcecode.swift; path = DetailViewController.swift; sourceTree = "<group>"; };
		CAE5920D24FFEC4800FEC2A2 /* Base */ = {isa = PBXFileReference; lastKnownFileType = file.storyboard; name = Base; path = Base.lproj/Main.storyboard; sourceTree = "<group>"; };
		CAE5920F24FFEC4A00FEC2A2 /* Assets.xcassets */ = {isa = PBXFileReference; lastKnownFileType = folder.assetcatalog; path = Assets.xcassets; sourceTree = "<group>"; };
		CAE5921224FFEC4A00FEC2A2 /* Base */ = {isa = PBXFileReference; lastKnownFileType = file.storyboard; name = Base; path = Base.lproj/LaunchScreen.storyboard; sourceTree = "<group>"; };
		CAE5921424FFEC4A00FEC2A2 /* Info.plist */ = {isa = PBXFileReference; lastKnownFileType = text.plist.xml; path = Info.plist; sourceTree = "<group>"; };
/* End PBXFileReference section */

/* Begin PBXFrameworksBuildPhase section */
		CAE591FE24FFEC4800FEC2A2 /* Frameworks */ = {
			isa = PBXFrameworksBuildPhase;
			buildActionMask = 2147483647;
			files = (
			);
			runOnlyForDeploymentPostprocessing = 0;
		};
/* End PBXFrameworksBuildPhase section */

/* Begin PBXGroup section */
		CAE591F824FFEC4800FEC2A2 = {
			isa = PBXGroup;
			children = (
				CAE5920324FFEC4800FEC2A2 /* PhotoCatalog */,
				CAE5920224FFEC4800FEC2A2 /* Products */,
			);
			sourceTree = "<group>";
		};
		CAE5920224FFEC4800FEC2A2 /* Products */ = {
			isa = PBXGroup;
			children = (
				CAE5920124FFEC4800FEC2A2 /* PhotoCatalog.app */,
			);
			name = Products;
			sourceTree = "<group>";
		};
		CAE5920324FFEC4800FEC2A2 /* PhotoCatalog */ = {
			isa = PBXGroup;
			children = (
				CAE5920424FFEC4800FEC2A2 /* AppDelegate.swift */,
				CAE5920624FFEC4800FEC2A2 /* SceneDelegate.swift */,
				CAE5920824FFEC4800FEC2A2 /* MasterViewController.swift */,
				CAE5920A24FFEC4800FEC2A2 /* DetailViewController.swift */,
				CAE5920C24FFEC4800FEC2A2 /* Main.storyboard */,
				CAE5920F24FFEC4A00FEC2A2 /* Assets.xcassets */,
				CAE5921124FFEC4A00FEC2A2 /* LaunchScreen.storyboard */,
				CAE5921424FFEC4A00FEC2A2 /* Info.plist */,
			);
			path = PhotoCatalog;
			sourceTree = "<group>";
		};
/* End PBXGroup section */

/* Begin PBXNativeTarget section */
		CAE5920024FFEC4800FEC2A2 /* PhotoCatalog */ = {
			isa = PBXNativeTarget;
			buildConfigurationList = CAE5921724FFEC4A00FEC2A2 /* Build configuration list for PBXNativeTarget "PhotoCatalog" */;
			buildPhases = (
				CAE591FD24FFEC4800FEC2A2 /* Sources */,
				CAE591FE24FFEC4800FEC2A2 /* Frameworks */,
				CAE591FF24FFEC4800FEC2A2 /* Resources */,
			);
			buildRules = (
			);
			dependencies = (
			);
			name = PhotoCatalog;
			productName = PhotoCatalog;
			productReference = CAE5920124FFEC4800FEC2A2 /* PhotoCatalog.app */;
			productType = "com.apple.product-type.application";
		};
/* End PBXNativeTarget section */

/* Begin PBXProject section */
		CAE591F924FFEC4800FEC2A2 /* Project object */ = {
			isa = PBXProject;
			attributes = {
				LastSwiftUpdateCheck = 1160;
				LastUpgradeCheck = 1160;
				ORGANIZATIONNAME = "Dongha Kang";
				TargetAttributes = {
					CAE5920024FFEC4800FEC2A2 = {
						CreatedOnToolsVersion = 11.6;
					};
				};
			};
			buildConfigurationList = CAE591FC24FFEC4800FEC2A2 /* Build configuration list for PBXProject "PhotoCatalog" */;
			compatibilityVersion = "Xcode 9.3";
			developmentRegion = en;
			hasScannedForEncodings = 0;
			knownRegions = (
				en,
				Base,
			);
			mainGroup = CAE591F824FFEC4800FEC2A2;
			productRefGroup = CAE5920224FFEC4800FEC2A2 /* Products */;
			projectDirPath = "";
			projectRoot = "";
			targets = (
				CAE5920024FFEC4800FEC2A2 /* PhotoCatalog */,
			);
		};
/* End PBXProject section */

/* Begin PBXResourcesBuildPhase section */
		CAE591FF24FFEC4800FEC2A2 /* Resources */ = {
			isa = PBXResourcesBuildPhase;
			buildActionMask = 2147483647;
			files = (
				CAE5921324FFEC4A00FEC2A2 /* LaunchScreen.storyboard in Resources */,
				CAE5921024FFEC4A00FEC2A2 /* Assets.xcassets in Resources */,
				CAE5920E24FFEC4800FEC2A2 /* Main.storyboard in Resources */,
			);
			runOnlyForDeploymentPostprocessing = 0;
		};
/* End PBXResourcesBuildPhase section */

/* Begin PBXSourcesBuildPhase section */
		CAE591FD24FFEC4800FEC2A2 /* Sources */ = {
			isa = PBXSourcesBuildPhase;
			buildActionMask = 2147483647;
			files = (
				CAE5920524FFEC4800FEC2A2 /* AppDelegate.swift in Sources */,
				CAE5920724FFEC4800FEC2A2 /* SceneDelegate.swift in Sources */,
				CAE5920924FFEC4800FEC2A2 /* MasterViewController.swift in Sources */,
				CAE5920B24FFEC4800FEC2A2 /* DetailViewController.swift in Sources */,
			);
			runOnlyForDeploymentPostprocessing = 0;
		};
/* End PBXSourcesBuildPhase section */

/* Begin PBXVariantGroup section */
		CAE5920C24FFEC4800FEC2A2 /* Main.storyboard */ = {
			isa = PBXVariantGroup;
			children = (
				CAE5920D24FFEC4800FEC2A2 /* Base */,
			);
			name = Main.storyboard;
			sourceTree = "<group>";
		};
		CAE5921124FFEC4A00FEC2A2 /* LaunchScreen.storyboard */ = {
			isa = PBXVariantGroup;
			children = (
				CAE5921224FFEC4A00FEC2A2 /* Base */,
			);
			name = LaunchScreen.storyboard;
			sourceTree = "<group>";
		};
/* End PBXVariantGroup section */

/* Begin XCBuildConfiguration section */
		CAE5921524FFEC4A00FEC2A2 /* Debug */ = {
			isa = XCBuildConfiguration;
			buildSettings = {
				ALWAYS_SEARCH_USER_PATHS = NO;
				CLANG_ANALYZER_NONNULL = YES;
				CLANG_ANALYZER_NUMBER_OBJECT_CONVERSION = YES_AGGRESSIVE;
				CLANG_CXX_LANGUAGE_STANDARD = "gnu++14";
				CLANG_CXX_LIBRARY = "libc++";
				CLANG_ENABLE_MODULES = YES;
				CLANG_ENABLE_OBJC_ARC = YES;
				CLANG_ENABLE_OBJC_WEAK = YES;
				CLANG_WARN_BLOCK_CAPTURE_AUTORELEASING = YES;
				CLANG_WARN_BOOL_CONVERSION = YES;
				CLANG_WARN_COMMA = YES;
				CLANG_WARN_CONSTANT_CONVERSION = YES;
				CLANG_WARN_DEPRECATED_OBJC_IMPLEMENTATIONS = YES;
				CLANG_WARN_DIRECT_OBJC_ISA_USAGE = YES_ERROR;
				CLANG_WARN_DOCUMENTATION_COMMENTS = YES;
				CLANG_WARN_EMPTY_BODY = YES;
				CLANG_WARN_ENUM_CONVERSION = YES;
				CLANG_WARN_INFINITE_RECURSION = YES;
				CLANG_WARN_INT_CONVERSION = YES;
				CLANG_WARN_NON_LITERAL_NULL_CONVERSION = YES;
				CLANG_WARN_OBJC_IMPLICIT_RETAIN_SELF = YES;
				CLANG_WARN_OBJC_LITERAL_CONVERSION = YES;
				CLANG_WARN_OBJC_ROOT_CLASS = YES_ERROR;
				CLANG_WARN_RANGE_LOOP_ANALYSIS = YES;
				CLANG_WARN_STRICT_PROTOTYPES = YES;
				CLANG_WARN_SUSPICIOUS_MOVE = YES;
				CLANG_WARN_UNGUARDED_AVAILABILITY = YES_AGGRESSIVE;
				CLANG_WARN_UNREACHABLE_CODE = YES;
				CLANG_WARN__DUPLICATE_METHOD_MATCH = YES;
				COPY_PHASE_STRIP = NO;
				DEBUG_INFORMATION_FORMAT = dwarf;
				ENABLE_STRICT_OBJC_MSGSEND = YES;
				ENABLE_TESTABILITY = YES;
				GCC_C_LANGUAGE_STANDARD = gnu11;
				GCC_DYNAMIC_NO_PIC = NO;
				GCC_NO_COMMON_BLOCKS = YES;
				GCC_OPTIMIZATION_LEVEL = 0;
				GCC_PREPROCESSOR_DEFINITIONS = (
					"DEBUG=1",
					"$(inherited)",
				);
				GCC_WARN_64_TO_32_BIT_CONVERSION = YES;
				GCC_WARN_ABOUT_RETURN_TYPE = YES_ERROR;
				GCC_WARN_UNDECLARED_SELECTOR = YES;
				GCC_WARN_UNINITIALIZED_AUTOS = YES_AGGRESSIVE;
				GCC_WARN_UNUSED_FUNCTION = YES;
				GCC_WARN_UNUSED_VARIABLE = YES;
				IPHONEOS_DEPLOYMENT_TARGET = 13.6;
				MTL_ENABLE_DEBUG_INFO = INCLUDE_SOURCE;
				MTL_FAST_MATH = YES;
				ONLY_ACTIVE_ARCH = YES;
				SDKROOT = iphoneos;
				SWIFT_ACTIVE_COMPILATION_CONDITIONS = DEBUG;
				SWIFT_OPTIMIZATION_LEVEL = "-Onone";
			};
			name = Debug;
		};
		CAE5921624FFEC4A00FEC2A2 /* Release */ = {
			isa = XCBuildConfiguration;
			buildSettings = {
				ALWAYS_SEARCH_USER_PATHS = NO;
				CLANG_ANALYZER_NONNULL = YES;
				CLANG_ANALYZER_NUMBER_OBJECT_CONVERSION = YES_AGGRESSIVE;
				CLANG_CXX_LANGUAGE_STANDARD = "gnu++14";
				CLANG_CXX_LIBRARY = "libc++";
				CLANG_ENABLE_MODULES = YES;
				CLANG_ENABLE_OBJC_ARC = YES;
				CLANG_ENABLE_OBJC_WEAK = YES;
				CLANG_WARN_BLOCK_CAPTURE_AUTORELEASING = YES;
				CLANG_WARN_BOOL_CONVERSION = YES;
				CLANG_WARN_COMMA = YES;
				CLANG_WARN_CONSTANT_CONVERSION = YES;
				CLANG_WARN_DEPRECATED_OBJC_IMPLEMENTATIONS = YES;
				CLANG_WARN_DIRECT_OBJC_ISA_USAGE = YES_ERROR;
				CLANG_WARN_DOCUMENTATION_COMMENTS = YES;
				CLANG_WARN_EMPTY_BODY = YES;
				CLANG_WARN_ENUM_CONVERSION = YES;
				CLANG_WARN_INFINITE_RECURSION = YES;
				CLANG_WARN_INT_CONVERSION = YES;
				CLANG_WARN_NON_LITERAL_NULL_CONVERSION = YES;
				CLANG_WARN_OBJC_IMPLICIT_RETAIN_SELF = YES;
				CLANG_WARN_OBJC_LITERAL_CONVERSION = YES;
				CLANG_WARN_OBJC_ROOT_CLASS = YES_ERROR;
				CLANG_WARN_RANGE_LOOP_ANALYSIS = YES;
				CLANG_WARN_STRICT_PROTOTYPES = YES;
				CLANG_WARN_SUSPICIOUS_MOVE = YES;
				CLANG_WARN_UNGUARDED_AVAILABILITY = YES_AGGRESSIVE;
				CLANG_WARN_UNREACHABLE_CODE = YES;
				CLANG_WARN__DUPLICATE_METHOD_MATCH = YES;
				COPY_PHASE_STRIP = NO;
				DEBUG_INFORMATION_FORMAT = "dwarf-with-dsym";
				ENABLE_NS_ASSERTIONS = NO;
				ENABLE_STRICT_OBJC_MSGSEND = YES;
				GCC_C_LANGUAGE_STANDARD = gnu11;
				GCC_NO_COMMON_BLOCKS = YES;
				GCC_WARN_64_TO_32_BIT_CONVERSION = YES;
				GCC_WARN_ABOUT_RETURN_TYPE = YES_ERROR;
				GCC_WARN_UNDECLARED_SELECTOR = YES;
				GCC_WARN_UNINITIALIZED_AUTOS = YES_AGGRESSIVE;
				GCC_WARN_UNUSED_FUNCTION = YES;
				GCC_WARN_UNUSED_VARIABLE = YES;
				IPHONEOS_DEPLOYMENT_TARGET = 13.6;
				MTL_ENABLE_DEBUG_INFO = NO;
				MTL_FAST_MATH = YES;
				SDKROOT = iphoneos;
				SWIFT_COMPILATION_MODE = wholemodule;
				SWIFT_OPTIMIZATION_LEVEL = "-O";
				VALIDATE_PRODUCT = YES;
			};
			name = Release;
		};
		CAE5921824FFEC4A00FEC2A2 /* Debug */ = {
			isa = XCBuildConfiguration;
			buildSettings = {
				ASSETCATALOG_COMPILER_APPICON_NAME = AppIcon;
				CODE_SIGN_STYLE = Automatic;
				INFOPLIST_FILE = PhotoCatalog/Info.plist;
				LD_RUNPATH_SEARCH_PATHS = (
					"$(inherited)",
					"@executable_path/Frameworks",
				);
				PRODUCT_BUNDLE_IDENTIFIER = com.donghakang.PhotoCatalog;
				PRODUCT_NAME = "$(TARGET_NAME)";
				SWIFT_VERSION = 5.0;
				TARGETED_DEVICE_FAMILY = "1,2";
			};
			name = Debug;
		};
		CAE5921924FFEC4A00FEC2A2 /* Release */ = {
			isa = XCBuildConfiguration;
			buildSettings = {
				ASSETCATALOG_COMPILER_APPICON_NAME = AppIcon;
				CODE_SIGN_STYLE = Automatic;
				INFOPLIST_FILE = PhotoCatalog/Info.plist;
				LD_RUNPATH_SEARCH_PATHS = (
					"$(inherited)",
					"@executable_path/Frameworks",
				);
				PRODUCT_BUNDLE_IDENTIFIER = com.donghakang.PhotoCatalog;
				PRODUCT_NAME = "$(TARGET_NAME)";
				SWIFT_VERSION = 5.0;
				TARGETED_DEVICE_FAMILY = "1,2";
			};
			name = Release;
		};
/* End XCBuildConfiguration section */

/* Begin XCConfigurationList section */
		CAE591FC24FFEC4800FEC2A2 /* Build configuration list for PBXProject "PhotoCatalog" */ = {
			isa = XCConfigurationList;
			buildConfigurations = (
				CAE5921524FFEC4A00FEC2A2 /* Debug */,
				CAE5921624FFEC4A00FEC2A2 /* Release */,
			);
			defaultConfigurationIsVisible = 0;
			defaultConfigurationName = Release;
		};
		CAE5921724FFEC4A00FEC2A2 /* Build configuration list for PBXNativeTarget "PhotoCatalog" */ = {
			isa = XCConfigurationList;
			buildConfigurations = (
				CAE5921824FFEC4A00FEC2A2 /* Debug */,
				CAE5921924FFEC4A00FEC2A2 /* Release */,
			);
			defaultConfigurationIsVisible = 0;
			defaultConfigurationName = Release;
		};
/* End XCConfigurationList section */
	};
	rootObject = CAE591F924FFEC4800FEC2A2 /* Project object */;
}
