// !$*UTF8*$!
{
	archiveVersion = 1;
	classes = {
	};
	objectVersion = 50;
	objects = {

/* Begin PBXBuildFile section */
		CAB630302529CE24001DCD43 /* AppDelegate.swift in Sources */ = {isa = PBXBuildFile; fileRef = CAB6302F2529CE24001DCD43 /* AppDelegate.swift */; };
		CAB630322529CE24001DCD43 /* SceneDelegate.swift in Sources */ = {isa = PBXBuildFile; fileRef = CAB630312529CE24001DCD43 /* SceneDelegate.swift */; };
		CAB630342529CE24001DCD43 /* ViewController.swift in Sources */ = {isa = PBXBuildFile; fileRef = CAB630332529CE24001DCD43 /* ViewController.swift */; };
		CAB630372529CE24001DCD43 /* Main.storyboard in Resources */ = {isa = PBXBuildFile; fileRef = CAB630352529CE24001DCD43 /* Main.storyboard */; };
		CAB630392529CE26001DCD43 /* Assets.xcassets in Resources */ = {isa = PBXBuildFile; fileRef = CAB630382529CE26001DCD43 /* Assets.xcassets */; };
		CAB6303C2529CE26001DCD43 /* LaunchScreen.storyboard in Resources */ = {isa = PBXBuildFile; fileRef = CAB6303A2529CE26001DCD43 /* LaunchScreen.storyboard */; };
		CAB630472529CE26001DCD43 /* UIPickerViewTests.swift in Sources */ = {isa = PBXBuildFile; fileRef = CAB630462529CE26001DCD43 /* UIPickerViewTests.swift */; };
		CAB630522529CE26001DCD43 /* UIPickerViewUITests.swift in Sources */ = {isa = PBXBuildFile; fileRef = CAB630512529CE26001DCD43 /* UIPickerViewUITests.swift */; };
/* End PBXBuildFile section */

/* Begin PBXContainerItemProxy section */
		CAB630432529CE26001DCD43 /* PBXContainerItemProxy */ = {
			isa = PBXContainerItemProxy;
			containerPortal = CAB630242529CE24001DCD43 /* Project object */;
			proxyType = 1;
			remoteGlobalIDString = CAB6302B2529CE24001DCD43;
			remoteInfo = UIPickerView;
		};
		CAB6304E2529CE26001DCD43 /* PBXContainerItemProxy */ = {
			isa = PBXContainerItemProxy;
			containerPortal = CAB630242529CE24001DCD43 /* Project object */;
			proxyType = 1;
			remoteGlobalIDString = CAB6302B2529CE24001DCD43;
			remoteInfo = UIPickerView;
		};
/* End PBXContainerItemProxy section */

/* Begin PBXFileReference section */
		CAB6302C2529CE24001DCD43 /* UIPickerView.app */ = {isa = PBXFileReference; explicitFileType = wrapper.application; includeInIndex = 0; path = UIPickerView.app; sourceTree = BUILT_PRODUCTS_DIR; };
		CAB6302F2529CE24001DCD43 /* AppDelegate.swift */ = {isa = PBXFileReference; lastKnownFileType = sourcecode.swift; path = AppDelegate.swift; sourceTree = "<group>"; };
		CAB630312529CE24001DCD43 /* SceneDelegate.swift */ = {isa = PBXFileReference; lastKnownFileType = sourcecode.swift; path = SceneDelegate.swift; sourceTree = "<group>"; };
		CAB630332529CE24001DCD43 /* ViewController.swift */ = {isa = PBXFileReference; lastKnownFileType = sourcecode.swift; path = ViewController.swift; sourceTree = "<group>"; };
		CAB630362529CE24001DCD43 /* Base */ = {isa = PBXFileReference; lastKnownFileType = file.storyboard; name = Base; path = Base.lproj/Main.storyboard; sourceTree = "<group>"; };
		CAB630382529CE26001DCD43 /* Assets.xcassets */ = {isa = PBXFileReference; lastKnownFileType = folder.assetcatalog; path = Assets.xcassets; sourceTree = "<group>"; };
		CAB6303B2529CE26001DCD43 /* Base */ = {isa = PBXFileReference; lastKnownFileType = file.storyboard; name = Base; path = Base.lproj/LaunchScreen.storyboard; sourceTree = "<group>"; };
		CAB6303D2529CE26001DCD43 /* Info.plist */ = {isa = PBXFileReference; lastKnownFileType = text.plist.xml; path = Info.plist; sourceTree = "<group>"; };
		CAB630422529CE26001DCD43 /* UIPickerViewTests.xctest */ = {isa = PBXFileReference; explicitFileType = wrapper.cfbundle; includeInIndex = 0; path = UIPickerViewTests.xctest; sourceTree = BUILT_PRODUCTS_DIR; };
		CAB630462529CE26001DCD43 /* UIPickerViewTests.swift */ = {isa = PBXFileReference; lastKnownFileType = sourcecode.swift; path = UIPickerViewTests.swift; sourceTree = "<group>"; };
		CAB630482529CE26001DCD43 /* Info.plist */ = {isa = PBXFileReference; lastKnownFileType = text.plist.xml; path = Info.plist; sourceTree = "<group>"; };
		CAB6304D2529CE26001DCD43 /* UIPickerViewUITests.xctest */ = {isa = PBXFileReference; explicitFileType = wrapper.cfbundle; includeInIndex = 0; path = UIPickerViewUITests.xctest; sourceTree = BUILT_PRODUCTS_DIR; };
		CAB630512529CE26001DCD43 /* UIPickerViewUITests.swift */ = {isa = PBXFileReference; lastKnownFileType = sourcecode.swift; path = UIPickerViewUITests.swift; sourceTree = "<group>"; };
		CAB630532529CE26001DCD43 /* Info.plist */ = {isa = PBXFileReference; lastKnownFileType = text.plist.xml; path = Info.plist; sourceTree = "<group>"; };
/* End PBXFileReference section */

/* Begin PBXFrameworksBuildPhase section */
		CAB630292529CE24001DCD43 /* Frameworks */ = {
			isa = PBXFrameworksBuildPhase;
			buildActionMask = 2147483647;
			files = (
			);
			runOnlyForDeploymentPostprocessing = 0;
		};
		CAB6303F2529CE26001DCD43 /* Frameworks */ = {
			isa = PBXFrameworksBuildPhase;
			buildActionMask = 2147483647;
			files = (
			);
			runOnlyForDeploymentPostprocessing = 0;
		};
		CAB6304A2529CE26001DCD43 /* Frameworks */ = {
			isa = PBXFrameworksBuildPhase;
			buildActionMask = 2147483647;
			files = (
			);
			runOnlyForDeploymentPostprocessing = 0;
		};
/* End PBXFrameworksBuildPhase section */

/* Begin PBXGroup section */
		CAB630232529CE24001DCD43 = {
			isa = PBXGroup;
			children = (
				CAB6302E2529CE24001DCD43 /* UIPickerView */,
				CAB630452529CE26001DCD43 /* UIPickerViewTests */,
				CAB630502529CE26001DCD43 /* UIPickerViewUITests */,
				CAB6302D2529CE24001DCD43 /* Products */,
			);
			sourceTree = "<group>";
		};
		CAB6302D2529CE24001DCD43 /* Products */ = {
			isa = PBXGroup;
			children = (
				CAB6302C2529CE24001DCD43 /* UIPickerView.app */,
				CAB630422529CE26001DCD43 /* UIPickerViewTests.xctest */,
				CAB6304D2529CE26001DCD43 /* UIPickerViewUITests.xctest */,
			);
			name = Products;
			sourceTree = "<group>";
		};
		CAB6302E2529CE24001DCD43 /* UIPickerView */ = {
			isa = PBXGroup;
			children = (
				CAB6302F2529CE24001DCD43 /* AppDelegate.swift */,
				CAB630312529CE24001DCD43 /* SceneDelegate.swift */,
				CAB630332529CE24001DCD43 /* ViewController.swift */,
				CAB630352529CE24001DCD43 /* Main.storyboard */,
				CAB630382529CE26001DCD43 /* Assets.xcassets */,
				CAB6303A2529CE26001DCD43 /* LaunchScreen.storyboard */,
				CAB6303D2529CE26001DCD43 /* Info.plist */,
			);
			path = UIPickerView;
			sourceTree = "<group>";
		};
		CAB630452529CE26001DCD43 /* UIPickerViewTests */ = {
			isa = PBXGroup;
			children = (
				CAB630462529CE26001DCD43 /* UIPickerViewTests.swift */,
				CAB630482529CE26001DCD43 /* Info.plist */,
			);
			path = UIPickerViewTests;
			sourceTree = "<group>";
		};
		CAB630502529CE26001DCD43 /* UIPickerViewUITests */ = {
			isa = PBXGroup;
			children = (
				CAB630512529CE26001DCD43 /* UIPickerViewUITests.swift */,
				CAB630532529CE26001DCD43 /* Info.plist */,
			);
			path = UIPickerViewUITests;
			sourceTree = "<group>";
		};
/* End PBXGroup section */

/* Begin PBXNativeTarget section */
		CAB6302B2529CE24001DCD43 /* UIPickerView */ = {
			isa = PBXNativeTarget;
			buildConfigurationList = CAB630562529CE26001DCD43 /* Build configuration list for PBXNativeTarget "UIPickerView" */;
			buildPhases = (
				CAB630282529CE24001DCD43 /* Sources */,
				CAB630292529CE24001DCD43 /* Frameworks */,
				CAB6302A2529CE24001DCD43 /* Resources */,
			);
			buildRules = (
			);
			dependencies = (
			);
			name = UIPickerView;
			productName = UIPickerView;
			productReference = CAB6302C2529CE24001DCD43 /* UIPickerView.app */;
			productType = "com.apple.product-type.application";
		};
		CAB630412529CE26001DCD43 /* UIPickerViewTests */ = {
			isa = PBXNativeTarget;
			buildConfigurationList = CAB630592529CE26001DCD43 /* Build configuration list for PBXNativeTarget "UIPickerViewTests" */;
			buildPhases = (
				CAB6303E2529CE26001DCD43 /* Sources */,
				CAB6303F2529CE26001DCD43 /* Frameworks */,
				CAB630402529CE26001DCD43 /* Resources */,
			);
			buildRules = (
			);
			dependencies = (
				CAB630442529CE26001DCD43 /* PBXTargetDependency */,
			);
			name = UIPickerViewTests;
			productName = UIPickerViewTests;
			productReference = CAB630422529CE26001DCD43 /* UIPickerViewTests.xctest */;
			productType = "com.apple.product-type.bundle.unit-test";
		};
		CAB6304C2529CE26001DCD43 /* UIPickerViewUITests */ = {
			isa = PBXNativeTarget;
			buildConfigurationList = CAB6305C2529CE26001DCD43 /* Build configuration list for PBXNativeTarget "UIPickerViewUITests" */;
			buildPhases = (
				CAB630492529CE26001DCD43 /* Sources */,
				CAB6304A2529CE26001DCD43 /* Frameworks */,
				CAB6304B2529CE26001DCD43 /* Resources */,
			);
			buildRules = (
			);
			dependencies = (
				CAB6304F2529CE26001DCD43 /* PBXTargetDependency */,
			);
			name = UIPickerViewUITests;
			productName = UIPickerViewUITests;
			productReference = CAB6304D2529CE26001DCD43 /* UIPickerViewUITests.xctest */;
			productType = "com.apple.product-type.bundle.ui-testing";
		};
/* End PBXNativeTarget section */

/* Begin PBXProject section */
		CAB630242529CE24001DCD43 /* Project object */ = {
			isa = PBXProject;
			attributes = {
				LastSwiftUpdateCheck = 1200;
				LastUpgradeCheck = 1200;
				TargetAttributes = {
					CAB6302B2529CE24001DCD43 = {
						CreatedOnToolsVersion = 12.0;
					};
					CAB630412529CE26001DCD43 = {
						CreatedOnToolsVersion = 12.0;
						TestTargetID = CAB6302B2529CE24001DCD43;
					};
					CAB6304C2529CE26001DCD43 = {
						CreatedOnToolsVersion = 12.0;
						TestTargetID = CAB6302B2529CE24001DCD43;
					};
				};
			};
			buildConfigurationList = CAB630272529CE24001DCD43 /* Build configuration list for PBXProject "UIPickerView" */;
			compatibilityVersion = "Xcode 9.3";
			developmentRegion = en;
			hasScannedForEncodings = 0;
			knownRegions = (
				en,
				Base,
			);
			mainGroup = CAB630232529CE24001DCD43;
			productRefGroup = CAB6302D2529CE24001DCD43 /* Products */;
			projectDirPath = "";
			projectRoot = "";
			targets = (
				CAB6302B2529CE24001DCD43 /* UIPickerView */,
				CAB630412529CE26001DCD43 /* UIPickerViewTests */,
				CAB6304C2529CE26001DCD43 /* UIPickerViewUITests */,
			);
		};
/* End PBXProject section */

/* Begin PBXResourcesBuildPhase section */
		CAB6302A2529CE24001DCD43 /* Resources */ = {
			isa = PBXResourcesBuildPhase;
			buildActionMask = 2147483647;
			files = (
				CAB6303C2529CE26001DCD43 /* LaunchScreen.storyboard in Resources */,
				CAB630392529CE26001DCD43 /* Assets.xcassets in Resources */,
				CAB630372529CE24001DCD43 /* Main.storyboard in Resources */,
			);
			runOnlyForDeploymentPostprocessing = 0;
		};
		CAB630402529CE26001DCD43 /* Resources */ = {
			isa = PBXResourcesBuildPhase;
			buildActionMask = 2147483647;
			files = (
			);
			runOnlyForDeploymentPostprocessing = 0;
		};
		CAB6304B2529CE26001DCD43 /* Resources */ = {
			isa = PBXResourcesBuildPhase;
			buildActionMask = 2147483647;
			files = (
			);
			runOnlyForDeploymentPostprocessing = 0;
		};
/* End PBXResourcesBuildPhase section */

/* Begin PBXSourcesBuildPhase section */
		CAB630282529CE24001DCD43 /* Sources */ = {
			isa = PBXSourcesBuildPhase;
			buildActionMask = 2147483647;
			files = (
				CAB630342529CE24001DCD43 /* ViewController.swift in Sources */,
				CAB630302529CE24001DCD43 /* AppDelegate.swift in Sources */,
				CAB630322529CE24001DCD43 /* SceneDelegate.swift in Sources */,
			);
			runOnlyForDeploymentPostprocessing = 0;
		};
		CAB6303E2529CE26001DCD43 /* Sources */ = {
			isa = PBXSourcesBuildPhase;
			buildActionMask = 2147483647;
			files = (
				CAB630472529CE26001DCD43 /* UIPickerViewTests.swift in Sources */,
			);
			runOnlyForDeploymentPostprocessing = 0;
		};
		CAB630492529CE26001DCD43 /* Sources */ = {
			isa = PBXSourcesBuildPhase;
			buildActionMask = 2147483647;
			files = (
				CAB630522529CE26001DCD43 /* UIPickerViewUITests.swift in Sources */,
			);
			runOnlyForDeploymentPostprocessing = 0;
		};
/* End PBXSourcesBuildPhase section */

/* Begin PBXTargetDependency section */
		CAB630442529CE26001DCD43 /* PBXTargetDependency */ = {
			isa = PBXTargetDependency;
			target = CAB6302B2529CE24001DCD43 /* UIPickerView */;
			targetProxy = CAB630432529CE26001DCD43 /* PBXContainerItemProxy */;
		};
		CAB6304F2529CE26001DCD43 /* PBXTargetDependency */ = {
			isa = PBXTargetDependency;
			target = CAB6302B2529CE24001DCD43 /* UIPickerView */;
			targetProxy = CAB6304E2529CE26001DCD43 /* PBXContainerItemProxy */;
		};
/* End PBXTargetDependency section */

/* Begin PBXVariantGroup section */
		CAB630352529CE24001DCD43 /* Main.storyboard */ = {
			isa = PBXVariantGroup;
			children = (
				CAB630362529CE24001DCD43 /* Base */,
			);
			name = Main.storyboard;
			sourceTree = "<group>";
		};
		CAB6303A2529CE26001DCD43 /* LaunchScreen.storyboard */ = {
			isa = PBXVariantGroup;
			children = (
				CAB6303B2529CE26001DCD43 /* Base */,
			);
			name = LaunchScreen.storyboard;
			sourceTree = "<group>";
		};
/* End PBXVariantGroup section */

/* Begin XCBuildConfiguration section */
		CAB630542529CE26001DCD43 /* Debug */ = {
			isa = XCBuildConfiguration;
			buildSettings = {
				ALWAYS_SEARCH_USER_PATHS = NO;
				CLANG_ANALYZER_NONNULL = YES;
				CLANG_ANALYZER_NUMBER_OBJECT_CONVERSION = YES_AGGRESSIVE;
				CLANG_CXX_LANGUAGE_STANDARD = "gnu++14";
				CLANG_CXX_LIBRARY = "libc++";
				CLANG_ENABLE_MODULES = YES;
				CLANG_ENABLE_OBJC_ARC = YES;
				CLANG_ENABLE_OBJC_WEAK = YES;
				CLANG_WARN_BLOCK_CAPTURE_AUTORELEASING = YES;
				CLANG_WARN_BOOL_CONVERSION = YES;
				CLANG_WARN_COMMA = YES;
				CLANG_WARN_CONSTANT_CONVERSION = YES;
				CLANG_WARN_DEPRECATED_OBJC_IMPLEMENTATIONS = YES;
				CLANG_WARN_DIRECT_OBJC_ISA_USAGE = YES_ERROR;
				CLANG_WARN_DOCUMENTATION_COMMENTS = YES;
				CLANG_WARN_EMPTY_BODY = YES;
				CLANG_WARN_ENUM_CONVERSION = YES;
				CLANG_WARN_INFINITE_RECURSION = YES;
				CLANG_WARN_INT_CONVERSION = YES;
				CLANG_WARN_NON_LITERAL_NULL_CONVERSION = YES;
				CLANG_WARN_OBJC_IMPLICIT_RETAIN_SELF = YES;
				CLANG_WARN_OBJC_LITERAL_CONVERSION = YES;
				CLANG_WARN_OBJC_ROOT_CLASS = YES_ERROR;
				CLANG_WARN_QUOTED_INCLUDE_IN_FRAMEWORK_HEADER = YES;
				CLANG_WARN_RANGE_LOOP_ANALYSIS = YES;
				CLANG_WARN_STRICT_PROTOTYPES = YES;
				CLANG_WARN_SUSPICIOUS_MOVE = YES;
				CLANG_WARN_UNGUARDED_AVAILABILITY = YES_AGGRESSIVE;
				CLANG_WARN_UNREACHABLE_CODE = YES;
				CLANG_WARN__DUPLICATE_METHOD_MATCH = YES;
				COPY_PHASE_STRIP = NO;
				DEBUG_INFORMATION_FORMAT = dwarf;
				ENABLE_STRICT_OBJC_MSGSEND = YES;
				ENABLE_TESTABILITY = YES;
				GCC_C_LANGUAGE_STANDARD = gnu11;
				GCC_DYNAMIC_NO_PIC = NO;
				GCC_NO_COMMON_BLOCKS = YES;
				GCC_OPTIMIZATION_LEVEL = 0;
				GCC_PREPROCESSOR_DEFINITIONS = (
					"DEBUG=1",
					"$(inherited)",
				);
				GCC_WARN_64_TO_32_BIT_CONVERSION = YES;
				GCC_WARN_ABOUT_RETURN_TYPE = YES_ERROR;
				GCC_WARN_UNDECLARED_SELECTOR = YES;
				GCC_WARN_UNINITIALIZED_AUTOS = YES_AGGRESSIVE;
				GCC_WARN_UNUSED_FUNCTION = YES;
				GCC_WARN_UNUSED_VARIABLE = YES;
				IPHONEOS_DEPLOYMENT_TARGET = 14.0;
				MTL_ENABLE_DEBUG_INFO = INCLUDE_SOURCE;
				MTL_FAST_MATH = YES;
				ONLY_ACTIVE_ARCH = YES;
				SDKROOT = iphoneos;
				SWIFT_ACTIVE_COMPILATION_CONDITIONS = DEBUG;
				SWIFT_OPTIMIZATION_LEVEL = "-Onone";
			};
			name = Debug;
		};
		CAB630552529CE26001DCD43 /* Release */ = {
			isa = XCBuildConfiguration;
			buildSettings = {
				ALWAYS_SEARCH_USER_PATHS = NO;
				CLANG_ANALYZER_NONNULL = YES;
				CLANG_ANALYZER_NUMBER_OBJECT_CONVERSION = YES_AGGRESSIVE;
				CLANG_CXX_LANGUAGE_STANDARD = "gnu++14";
				CLANG_CXX_LIBRARY = "libc++";
				CLANG_ENABLE_MODULES = YES;
				CLANG_ENABLE_OBJC_ARC = YES;
				CLANG_ENABLE_OBJC_WEAK = YES;
				CLANG_WARN_BLOCK_CAPTURE_AUTORELEASING = YES;
				CLANG_WARN_BOOL_CONVERSION = YES;
				CLANG_WARN_COMMA = YES;
				CLANG_WARN_CONSTANT_CONVERSION = YES;
				CLANG_WARN_DEPRECATED_OBJC_IMPLEMENTATIONS = YES;
				CLANG_WARN_DIRECT_OBJC_ISA_USAGE = YES_ERROR;
				CLANG_WARN_DOCUMENTATION_COMMENTS = YES;
				CLANG_WARN_EMPTY_BODY = YES;
				CLANG_WARN_ENUM_CONVERSION = YES;
				CLANG_WARN_INFINITE_RECURSION = YES;
				CLANG_WARN_INT_CONVERSION = YES;
				CLANG_WARN_NON_LITERAL_NULL_CONVERSION = YES;
				CLANG_WARN_OBJC_IMPLICIT_RETAIN_SELF = YES;
				CLANG_WARN_OBJC_LITERAL_CONVERSION = YES;
				CLANG_WARN_OBJC_ROOT_CLASS = YES_ERROR;
				CLANG_WARN_QUOTED_INCLUDE_IN_FRAMEWORK_HEADER = YES;
				CLANG_WARN_RANGE_LOOP_ANALYSIS = YES;
				CLANG_WARN_STRICT_PROTOTYPES = YES;
				CLANG_WARN_SUSPICIOUS_MOVE = YES;
				CLANG_WARN_UNGUARDED_AVAILABILITY = YES_AGGRESSIVE;
				CLANG_WARN_UNREACHABLE_CODE = YES;
				CLANG_WARN__DUPLICATE_METHOD_MATCH = YES;
				COPY_PHASE_STRIP = NO;
				DEBUG_INFORMATION_FORMAT = "dwarf-with-dsym";
				ENABLE_NS_ASSERTIONS = NO;
				ENABLE_STRICT_OBJC_MSGSEND = YES;
				GCC_C_LANGUAGE_STANDARD = gnu11;
				GCC_NO_COMMON_BLOCKS = YES;
				GCC_WARN_64_TO_32_BIT_CONVERSION = YES;
				GCC_WARN_ABOUT_RETURN_TYPE = YES_ERROR;
				GCC_WARN_UNDECLARED_SELECTOR = YES;
				GCC_WARN_UNINITIALIZED_AUTOS = YES_AGGRESSIVE;
				GCC_WARN_UNUSED_FUNCTION = YES;
				GCC_WARN_UNUSED_VARIABLE = YES;
				IPHONEOS_DEPLOYMENT_TARGET = 14.0;
				MTL_ENABLE_DEBUG_INFO = NO;
				MTL_FAST_MATH = YES;
				SDKROOT = iphoneos;
				SWIFT_COMPILATION_MODE = wholemodule;
				SWIFT_OPTIMIZATION_LEVEL = "-O";
				VALIDATE_PRODUCT = YES;
			};
			name = Release;
		};
		CAB630572529CE26001DCD43 /* Debug */ = {
			isa = XCBuildConfiguration;
			buildSettings = {
				ASSETCATALOG_COMPILER_APPICON_NAME = AppIcon;
				ASSETCATALOG_COMPILER_GLOBAL_ACCENT_COLOR_NAME = AccentColor;
				CODE_SIGN_STYLE = Automatic;
				INFOPLIST_FILE = UIPickerView/Info.plist;
				LD_RUNPATH_SEARCH_PATHS = (
					"$(inherited)",
					"@executable_path/Frameworks",
				);
				PRODUCT_BUNDLE_IDENTIFIER = com.donghakang.UIPickerView;
				PRODUCT_NAME = "$(TARGET_NAME)";
				SWIFT_VERSION = 5.0;
				TARGETED_DEVICE_FAMILY = "1,2";
			};
			name = Debug;
		};
		CAB630582529CE26001DCD43 /* Release */ = {
			isa = XCBuildConfiguration;
			buildSettings = {
				ASSETCATALOG_COMPILER_APPICON_NAME = AppIcon;
				ASSETCATALOG_COMPILER_GLOBAL_ACCENT_COLOR_NAME = AccentColor;
				CODE_SIGN_STYLE = Automatic;
				INFOPLIST_FILE = UIPickerView/Info.plist;
				LD_RUNPATH_SEARCH_PATHS = (
					"$(inherited)",
					"@executable_path/Frameworks",
				);
				PRODUCT_BUNDLE_IDENTIFIER = com.donghakang.UIPickerView;
				PRODUCT_NAME = "$(TARGET_NAME)";
				SWIFT_VERSION = 5.0;
				TARGETED_DEVICE_FAMILY = "1,2";
			};
			name = Release;
		};
		CAB6305A2529CE26001DCD43 /* Debug */ = {
			isa = XCBuildConfiguration;
			buildSettings = {
				ALWAYS_EMBED_SWIFT_STANDARD_LIBRARIES = YES;
				BUNDLE_LOADER = "$(TEST_HOST)";
				CODE_SIGN_STYLE = Automatic;
				INFOPLIST_FILE = UIPickerViewTests/Info.plist;
				IPHONEOS_DEPLOYMENT_TARGET = 14.0;
				LD_RUNPATH_SEARCH_PATHS = (
					"$(inherited)",
					"@executable_path/Frameworks",
					"@loader_path/Frameworks",
				);
				PRODUCT_BUNDLE_IDENTIFIER = com.donghakang.UIPickerViewTests;
				PRODUCT_NAME = "$(TARGET_NAME)";
				SWIFT_VERSION = 5.0;
				TARGETED_DEVICE_FAMILY = "1,2";
				TEST_HOST = "$(BUILT_PRODUCTS_DIR)/UIPickerView.app/UIPickerView";
			};
			name = Debug;
		};
		CAB6305B2529CE26001DCD43 /* Release */ = {
			isa = XCBuildConfiguration;
			buildSettings = {
				ALWAYS_EMBED_SWIFT_STANDARD_LIBRARIES = YES;
				BUNDLE_LOADER = "$(TEST_HOST)";
				CODE_SIGN_STYLE = Automatic;
				INFOPLIST_FILE = UIPickerViewTests/Info.plist;
				IPHONEOS_DEPLOYMENT_TARGET = 14.0;
				LD_RUNPATH_SEARCH_PATHS = (
					"$(inherited)",
					"@executable_path/Frameworks",
					"@loader_path/Frameworks",
				);
				PRODUCT_BUNDLE_IDENTIFIER = com.donghakang.UIPickerViewTests;
				PRODUCT_NAME = "$(TARGET_NAME)";
				SWIFT_VERSION = 5.0;
				TARGETED_DEVICE_FAMILY = "1,2";
				TEST_HOST = "$(BUILT_PRODUCTS_DIR)/UIPickerView.app/UIPickerView";
			};
			name = Release;
		};
		CAB6305D2529CE26001DCD43 /* Debug */ = {
			isa = XCBuildConfiguration;
			buildSettings = {
				ALWAYS_EMBED_SWIFT_STANDARD_LIBRARIES = YES;
				CODE_SIGN_STYLE = Automatic;
				INFOPLIST_FILE = UIPickerViewUITests/Info.plist;
				LD_RUNPATH_SEARCH_PATHS = (
					"$(inherited)",
					"@executable_path/Frameworks",
					"@loader_path/Frameworks",
				);
				PRODUCT_BUNDLE_IDENTIFIER = com.donghakang.UIPickerViewUITests;
				PRODUCT_NAME = "$(TARGET_NAME)";
				SWIFT_VERSION = 5.0;
				TARGETED_DEVICE_FAMILY = "1,2";
				TEST_TARGET_NAME = UIPickerView;
			};
			name = Debug;
		};
		CAB6305E2529CE26001DCD43 /* Release */ = {
			isa = XCBuildConfiguration;
			buildSettings = {
				ALWAYS_EMBED_SWIFT_STANDARD_LIBRARIES = YES;
				CODE_SIGN_STYLE = Automatic;
				INFOPLIST_FILE = UIPickerViewUITests/Info.plist;
				LD_RUNPATH_SEARCH_PATHS = (
					"$(inherited)",
					"@executable_path/Frameworks",
					"@loader_path/Frameworks",
				);
				PRODUCT_BUNDLE_IDENTIFIER = com.donghakang.UIPickerViewUITests;
				PRODUCT_NAME = "$(TARGET_NAME)";
				SWIFT_VERSION = 5.0;
				TARGETED_DEVICE_FAMILY = "1,2";
				TEST_TARGET_NAME = UIPickerView;
			};
			name = Release;
		};
/* End XCBuildConfiguration section */

/* Begin XCConfigurationList section */
		CAB630272529CE24001DCD43 /* Build configuration list for PBXProject "UIPickerView" */ = {
			isa = XCConfigurationList;
			buildConfigurations = (
				CAB630542529CE26001DCD43 /* Debug */,
				CAB630552529CE26001DCD43 /* Release */,
			);
			defaultConfigurationIsVisible = 0;
			defaultConfigurationName = Release;
		};
		CAB630562529CE26001DCD43 /* Build configuration list for PBXNativeTarget "UIPickerView" */ = {
			isa = XCConfigurationList;
			buildConfigurations = (
				CAB630572529CE26001DCD43 /* Debug */,
				CAB630582529CE26001DCD43 /* Release */,
			);
			defaultConfigurationIsVisible = 0;
			defaultConfigurationName = Release;
		};
		CAB630592529CE26001DCD43 /* Build configuration list for PBXNativeTarget "UIPickerViewTests" */ = {
			isa = XCConfigurationList;
			buildConfigurations = (
				CAB6305A2529CE26001DCD43 /* Debug */,
				CAB6305B2529CE26001DCD43 /* Release */,
			);
			defaultConfigurationIsVisible = 0;
			defaultConfigurationName = Release;
		};
		CAB6305C2529CE26001DCD43 /* Build configuration list for PBXNativeTarget "UIPickerViewUITests" */ = {
			isa = XCConfigurationList;
			buildConfigurations = (
				CAB6305D2529CE26001DCD43 /* Debug */,
				CAB6305E2529CE26001DCD43 /* Release */,
			);
			defaultConfigurationIsVisible = 0;
			defaultConfigurationName = Release;
		};
/* End XCConfigurationList section */
	};
	rootObject = CAB630242529CE24001DCD43 /* Project object */;
}
